
Microsoft Visual Studio Solution File, Format Version 12.00
# Visual Studio 15
VisualStudioVersion = 15.0.27130.2010
MinimumVisualStudioVersion = 10.0.40219.1
Project("{8BC9CEB8-8B4A-11D0-8D11-00A0C91BC942}") = "Stack_Problems", "Stack_Problems\Stack_Problems.vcxproj", "{7AD51010-1A57-448C-A080-BF36222D31BD}"
EndProject
Global
	GlobalSection(SolutionConfigurationPlatforms) = preSolution
		Debug|x64 = Debug|x64
		Debug|x86 = Debug|x86
		Release|x64 = Release|x64
		Release|x86 = Release|x86
	EndGlobalSection
	GlobalSection(ProjectConfigurationPlatforms) = postSolution
		{7AD51010-1A57-448C-A080-BF36222D31BD}.Debug|x64.ActiveCfg = Debug|x64
		{7AD51010-1A57-448C-A080-BF36222D31BD}.Debug|x64.Build.0 = Debug|x64
		{7AD51010-1A57-448C-A080-BF36222D31BD}.Debug|x86.ActiveCfg = Debug|Win32
		{7AD51010-1A57-448C-A080-BF36222D31BD}.Debug|x86.Build.0 = Debug|Win32
		{7AD51010-1A57-448C-A080-BF36222D31BD}.Release|x64.ActiveCfg = Release|x64
		{7AD51010-1A57-448C-A080-BF36222D31BD}.Release|x64.Build.0 = Release|x64
		{7AD51010-1A57-448C-A080-BF36222D31BD}.Release|x86.ActiveCfg = Release|Win32
		{7AD51010-1A57-448C-A080-BF36222D31BD}.Release|x86.Build.0 = Release|Win32
	EndGlobalSection
	GlobalSection(SolutionProperties) = preSolution
		HideSolutionNode = FALSE
	EndGlobalSection
	GlobalSection(ExtensibilityGlobals) = postSolution
		SolutionGuid = {8F4AAB73-89C3-4A22-9395-51A7AF8105B0}
	EndGlobalSection
EndGlobal
